
Microsoft Visual Studio Solution File, Format Version 12.00
# Visual Studio Version 17
VisualStudioVersion = 17.10.34607.79
MinimumVisualStudioVersion = 10.0.40219.1
Project("{9A19103F-16F7-4668-BE54-9A1E7A4F7556}") = "HoteldosNobresBlazor", "HoteldosNobresBlazor\HoteldosNobresBlazor\HoteldosNobresBlazor.csproj", "{A2B287F4-55FF-4C74-B3B9-006B4979ABE3}"
EndProject
Project("{9A19103F-16F7-4668-BE54-9A1E7A4F7556}") = "HoteldosNobresBlazor.Client", "HoteldosNobresBlazor\HoteldosNobresBlazor.Client\HoteldosNobresBlazor.Client.csproj", "{4BC5D969-3AFA-4977-8E65-6F66DB79DA78}"
EndProject
Project("{2150E333-8FDC-42A3-9474-1A3956D46DE8}") = ".github", ".github", "{CE6DF8A3-A646-47C7-BB97-ADA11C6B12BC}"
	ProjectSection(SolutionItems) = preProject
		.gitignore = .gitignore
	EndProjectSection
EndProject
Project("{2150E333-8FDC-42A3-9474-1A3956D46DE8}") = "Itens de Solução", "Itens de Solução", "{60C0895E-053F-4244-AB07-E726751094AC}"
	ProjectSection(SolutionItems) = preProject
		..\..\..\..\Downloads\CODE_OF_CONDUCT.md = ..\..\..\..\Downloads\CODE_OF_CONDUCT.md
		LICENSE.txt = LICENSE.txt
		SECURITY.md = SECURITY.md
	EndProjectSection
EndProject
Project("{2150E333-8FDC-42A3-9474-1A3956D46DE8}") = "workflows", "workflows", "{02EA681E-C7D8-13C7-8484-4AC65E1B71E8}"
	ProjectSection(SolutionItems) = preProject
		action.yml = action.yml
	EndProjectSection
EndProject
Global
	GlobalSection(SolutionConfigurationPlatforms) = preSolution
		Debug|Any CPU = Debug|Any CPU
		Release|Any CPU = Release|Any CPU
	EndGlobalSection
	GlobalSection(ProjectConfigurationPlatforms) = postSolution
		{A2B287F4-55FF-4C74-B3B9-006B4979ABE3}.Debug|Any CPU.ActiveCfg = Debug|Any CPU
		{A2B287F4-55FF-4C74-B3B9-006B4979ABE3}.Debug|Any CPU.Build.0 = Debug|Any CPU
		{A2B287F4-55FF-4C74-B3B9-006B4979ABE3}.Release|Any CPU.ActiveCfg = Release|Any CPU
		{A2B287F4-55FF-4C74-B3B9-006B4979ABE3}.Release|Any CPU.Build.0 = Release|Any CPU
		{4BC5D969-3AFA-4977-8E65-6F66DB79DA78}.Debug|Any CPU.ActiveCfg = Debug|Any CPU
		{4BC5D969-3AFA-4977-8E65-6F66DB79DA78}.Debug|Any CPU.Build.0 = Debug|Any CPU
		{4BC5D969-3AFA-4977-8E65-6F66DB79DA78}.Release|Any CPU.ActiveCfg = Release|Any CPU
		{4BC5D969-3AFA-4977-8E65-6F66DB79DA78}.Release|Any CPU.Build.0 = Release|Any CPU
	EndGlobalSection
	GlobalSection(SolutionProperties) = preSolution
		HideSolutionNode = FALSE
	EndGlobalSection
	GlobalSection(NestedProjects) = preSolution
		{02EA681E-C7D8-13C7-8484-4AC65E1B71E8} = {CE6DF8A3-A646-47C7-BB97-ADA11C6B12BC}
	EndGlobalSection
	GlobalSection(ExtensibilityGlobals) = postSolution
		SolutionGuid = {66F8038E-25BF-4CE8-B491-33B3D20B583C}
	EndGlobalSection
EndGlobal
